// !$*UTF8*$!
{
	archiveVersion = 1;
	classes = {
	};
	objectVersion = 56;
	objects = {

/* Begin PBXBuildFile section */
		0396A744D3E824F2A13E4C60 /* MobileCommentsView.swift in Sources */ = {isa = PBXBuildFile; fileRef = 57C11EEABBE34173606DA9CF /* MobileCommentsView.swift */; };
		07EC7EB4DD920FD68DD7B8F9 /* MobileGalleryView.swift in Sources */ = {isa = PBXBuildFile; fileRef = 9DC0242BA162E8B511DC5D85 /* MobileGalleryView.swift */; };
		08168BEDDF1BBFE6FBAFD1A1 /* GalleryCardView.swift in Sources */ = {isa = PBXBuildFile; fileRef = 0EAFCB71ACC70117A585FCBE /* GalleryCardView.swift */; };
		0D282A1BF7BA54E8F249F67F /* E621Client.swift in Sources */ = {isa = PBXBuildFile; fileRef = 8817E985153236A29AE32C9E /* E621Client.swift */; };
		180977E602D2CE5DE3A8BC79 /* BooruImage.swift in Sources */ = {isa = PBXBuildFile; fileRef = 9485C85046F3B5FB2D11F456 /* BooruImage.swift */; };
		1A893889CCBF9B31C08AA5C8 /* BooruFilterOption.swift in Sources */ = {isa = PBXBuildFile; fileRef = BE9290B3F19F15763610F88D /* BooruFilterOption.swift */; };
		1FA85D132607DE4998D806EC /* MobileContentView.swift in Sources */ = {isa = PBXBuildFile; fileRef = 21BCA23D585B2CEF75CA0CED /* MobileContentView.swift */; };
		221960A8129507989317C8AA /* MobileSettingsView.swift in Sources */ = {isa = PBXBuildFile; fileRef = DEE1F46FEF3BE7DC011061EA /* MobileSettingsView.swift */; };
		247F06DD48BC6B4D65866222 /* SettingsStore.swift in Sources */ = {isa = PBXBuildFile; fileRef = 6516786BB80A41B1A43F8606 /* SettingsStore.swift */; };
		24CC12D909E414ED790B3C42 /* KeychainStore.swift in Sources */ = {isa = PBXBuildFile; fileRef = EC4CE6EF0008A2DC7FBBDF8B /* KeychainStore.swift */; };
		2AB555AF2CA45FCE0852F95D /* BooruBarApp.swift in Sources */ = {isa = PBXBuildFile; fileRef = C3D94F6089AFC82CE29A2B6D /* BooruBarApp.swift */; };
		2C9F4FC0DB68E900462611F0 /* GelbooruDapiClient.swift in Sources */ = {isa = PBXBuildFile; fileRef = 71DF25328B323D61DC538243 /* GelbooruDapiClient.swift */; };
		32D9ED9A9ED37EA225C3A60C /* GelbooruCommentsClient.swift in Sources */ = {isa = PBXBuildFile; fileRef = 2230C053EE678ABC2CF14F47 /* GelbooruCommentsClient.swift */; };
		35847E27559A4C00FDFE6ED0 /* BooruFilterOption.swift in Sources */ = {isa = PBXBuildFile; fileRef = BE9290B3F19F15763610F88D /* BooruFilterOption.swift */; };
		37B25889A4CDD9BA02016A6F /* SettingsStore.swift in Sources */ = {isa = PBXBuildFile; fileRef = 6516786BB80A41B1A43F8606 /* SettingsStore.swift */; };
		51B48C004DF81F87C34A383D /* MobileGalleryCardView.swift in Sources */ = {isa = PBXBuildFile; fileRef = 82ABC004E94DEDAA944B4451 /* MobileGalleryCardView.swift */; };
		5974CAC5F6E4EC5259122EEF /* BooruSite.swift in Sources */ = {isa = PBXBuildFile; fileRef = 91A7EF04A45CB9D08435B029 /* BooruSite.swift */; };
		6017146A8B3D22F91FEF6A8C /* GalleryViewModel.swift in Sources */ = {isa = PBXBuildFile; fileRef = F7598DA3E42BAB57099C15A5 /* GalleryViewModel.swift */; };
		640FC9CF2AE7A9C59355679E /* Assets.xcassets in Resources */ = {isa = PBXBuildFile; fileRef = 71114E97761BCAB8142CD4D6 /* Assets.xcassets */; };
		7078C007BCBE33D6701EF32D /* E621Client.swift in Sources */ = {isa = PBXBuildFile; fileRef = 8817E985153236A29AE32C9E /* E621Client.swift */; };
		775CB1A062F704521CC0457A /* PhilomenaClient.swift in Sources */ = {isa = PBXBuildFile; fileRef = 4CB9EBC9A75EA6EB051B3043 /* PhilomenaClient.swift */; };
		7B964483C6756EC8A11B0DF6 /* URLQueryBuilder.swift in Sources */ = {isa = PBXBuildFile; fileRef = D9FA094EFAFCD5560BE156EC /* URLQueryBuilder.swift */; };
		7F4F62CE274FCFF14857E72F /* Assets.xcassets in Resources */ = {isa = PBXBuildFile; fileRef = 98E6621E6C06E560002B7879 /* Assets.xcassets */; };
		84A65882E9790EE6C26401C3 /* LegacyGelbooruClient.swift in Sources */ = {isa = PBXBuildFile; fileRef = 9B3954E65EEABCBE9F2365C3 /* LegacyGelbooruClient.swift */; };
		8B7A90DB14B8A0471B880524 /* SearchView.swift in Sources */ = {isa = PBXBuildFile; fileRef = 7CE6D2A527F31AFD7FA2DD17 /* SearchView.swift */; };
		8EB31D656E5B4915E11E0808 /* MobileSiteEditorView.swift in Sources */ = {isa = PBXBuildFile; fileRef = AF64069B34C9F9F6DABF81D6 /* MobileSiteEditorView.swift */; };
		923C346A77526A26DBF9342B /* BooruClient.swift in Sources */ = {isa = PBXBuildFile; fileRef = E6A674F43C1EA2C7318490A2 /* BooruClient.swift */; };
		B70449777D16C35DE653C604 /* BooruInteractions.swift in Sources */ = {isa = PBXBuildFile; fileRef = 52E62ED4E2823B05093C0228 /* BooruInteractions.swift */; };
		B90376800526CC0E7C79CF32 /* PhilomenaClient.swift in Sources */ = {isa = PBXBuildFile; fileRef = 4CB9EBC9A75EA6EB051B3043 /* PhilomenaClient.swift */; };
		BA47120875AAFF23EE1E045A /* ContentView.swift in Sources */ = {isa = PBXBuildFile; fileRef = 1DF1E96BED5B0A2520B38AE3 /* ContentView.swift */; };
		C2132CC2A4BA4344CF2146DE /* SettingsView.swift in Sources */ = {isa = PBXBuildFile; fileRef = CF1F0449D9671A5578EF58C1 /* SettingsView.swift */; };
		C9A837290C454037D72DDCDC /* iBooruBarApp.swift in Sources */ = {isa = PBXBuildFile; fileRef = 506147A0E08A665C94A57CC5 /* iBooruBarApp.swift */; };
		CA931F445225EE3D96597D89 /* GelbooruDapiClient.swift in Sources */ = {isa = PBXBuildFile; fileRef = 71DF25328B323D61DC538243 /* GelbooruDapiClient.swift */; };
		CF1E0DCB52BDB7C41962AD61 /* URLQueryBuilder.swift in Sources */ = {isa = PBXBuildFile; fileRef = D9FA094EFAFCD5560BE156EC /* URLQueryBuilder.swift */; };
		CF2113EC8B92768EB181A7A5 /* GalleryViewModel.swift in Sources */ = {isa = PBXBuildFile; fileRef = F7598DA3E42BAB57099C15A5 /* GalleryViewModel.swift */; };
		D4A8F9733A138459F7D54383 /* LegacyGelbooruClient.swift in Sources */ = {isa = PBXBuildFile; fileRef = 9B3954E65EEABCBE9F2365C3 /* LegacyGelbooruClient.swift */; };
		D7CAE87739221DBE40D97F0D /* BooruImage.swift in Sources */ = {isa = PBXBuildFile; fileRef = 9485C85046F3B5FB2D11F456 /* BooruImage.swift */; };
		D8269EA73B6CCAA3E1D2A15F /* GalleryView.swift in Sources */ = {isa = PBXBuildFile; fileRef = EE249FE15233B0BB2F819F0F /* GalleryView.swift */; };
		DD36BC9B050471FAD0E8DDE7 /* KeychainStore.swift in Sources */ = {isa = PBXBuildFile; fileRef = EC4CE6EF0008A2DC7FBBDF8B /* KeychainStore.swift */; };
		DEE2DCAC6F48FF8307F7E4A5 /* MobileSearchView.swift in Sources */ = {isa = PBXBuildFile; fileRef = 0E656588295E34B826771831 /* MobileSearchView.swift */; };
		ECC17FB39EF5F33E5BC6CE39 /* BooruSite.swift in Sources */ = {isa = PBXBuildFile; fileRef = 91A7EF04A45CB9D08435B029 /* BooruSite.swift */; };
		F036D66C66B4B74A22D2ACAF /* BooruClient.swift in Sources */ = {isa = PBXBuildFile; fileRef = E6A674F43C1EA2C7318490A2 /* BooruClient.swift */; };
/* End PBXBuildFile section */

/* Begin PBXContainerItemProxy section */
		C1A519822FE846F700635089 /* PBXContainerItemProxy */ = {
			isa = PBXContainerItemProxy;
			containerPortal = C1A5196B2FE846F300635089 /* Project object */;
			proxyType = 1;
			remoteGlobalIDString = C1A519722FE846F300635089;
			remoteInfo = BooruBar;
		};
		C1A5198C2FE846F800635089 /* PBXContainerItemProxy */ = {
			isa = PBXContainerItemProxy;
			containerPortal = C1A5196B2FE846F300635089 /* Project object */;
			proxyType = 1;
			remoteGlobalIDString = C1A519722FE846F300635089;
			remoteInfo = BooruBar;
		};
		C1C399083050A4170064F4A6 /* PBXContainerItemProxy */ = {
			isa = PBXContainerItemProxy;
			containerPortal = C1A5196B2FE846F300635089 /* Project object */;
			proxyType = 1;
			remoteGlobalIDString = C1C398FA3050A4120064F4A6;
			remoteInfo = iBooruBar;
		};
		C1C399123050A4170064F4A6 /* PBXContainerItemProxy */ = {
			isa = PBXContainerItemProxy;
			containerPortal = C1A5196B2FE846F300635089 /* Project object */;
			proxyType = 1;
			remoteGlobalIDString = C1C398FA3050A4120064F4A6;
			remoteInfo = iBooruBar;
		};
/* End PBXContainerItemProxy section */

/* Begin PBXFileReference section */
		0E656588295E34B826771831 /* MobileSearchView.swift */ = {isa = PBXFileReference; lastKnownFileType = sourcecode.swift; path = MobileSearchView.swift; sourceTree = "<group>"; };
		0EAFCB71ACC70117A585FCBE /* GalleryCardView.swift */ = {isa = PBXFileReference; lastKnownFileType = sourcecode.swift; path = GalleryCardView.swift; sourceTree = "<group>"; };
		1DF1E96BED5B0A2520B38AE3 /* ContentView.swift */ = {isa = PBXFileReference; lastKnownFileType = sourcecode.swift; path = ContentView.swift; sourceTree = "<group>"; };
		21BCA23D585B2CEF75CA0CED /* MobileContentView.swift */ = {isa = PBXFileReference; lastKnownFileType = sourcecode.swift; path = MobileContentView.swift; sourceTree = "<group>"; };
		2230C053EE678ABC2CF14F47 /* GelbooruCommentsClient.swift */ = {isa = PBXFileReference; lastKnownFileType = sourcecode.swift; path = GelbooruCommentsClient.swift; sourceTree = "<group>"; };
		23304FF71C798100A8516E7C /* BooruBar.entitlements */ = {isa = PBXFileReference; lastKnownFileType = text.plist.entitlements; path = BooruBar.entitlements; sourceTree = "<group>"; };
		4CB9EBC9A75EA6EB051B3043 /* PhilomenaClient.swift */ = {isa = PBXFileReference; lastKnownFileType = sourcecode.swift; path = PhilomenaClient.swift; sourceTree = "<group>"; };
		506147A0E08A665C94A57CC5 /* iBooruBarApp.swift */ = {isa = PBXFileReference; lastKnownFileType = sourcecode.swift; path = iBooruBarApp.swift; sourceTree = "<group>"; };
		52E62ED4E2823B05093C0228 /* BooruInteractions.swift */ = {isa = PBXFileReference; lastKnownFileType = sourcecode.swift; path = BooruInteractions.swift; sourceTree = "<group>"; };
		57C11EEABBE34173606DA9CF /* MobileCommentsView.swift */ = {isa = PBXFileReference; lastKnownFileType = sourcecode.swift; path = MobileCommentsView.swift; sourceTree = "<group>"; };
		6516786BB80A41B1A43F8606 /* SettingsStore.swift */ = {isa = PBXFileReference; lastKnownFileType = sourcecode.swift; path = SettingsStore.swift; sourceTree = "<group>"; };
		71114E97761BCAB8142CD4D6 /* Assets.xcassets */ = {isa = PBXFileReference; lastKnownFileType = folder.assetcatalog; path = Assets.xcassets; sourceTree = "<group>"; };
		71DF25328B323D61DC538243 /* GelbooruDapiClient.swift */ = {isa = PBXFileReference; lastKnownFileType = sourcecode.swift; path = GelbooruDapiClient.swift; sourceTree = "<group>"; };
		7CE6D2A527F31AFD7FA2DD17 /* SearchView.swift */ = {isa = PBXFileReference; lastKnownFileType = sourcecode.swift; path = SearchView.swift; sourceTree = "<group>"; };
		82ABC004E94DEDAA944B4451 /* MobileGalleryCardView.swift */ = {isa = PBXFileReference; lastKnownFileType = sourcecode.swift; path = MobileGalleryCardView.swift; sourceTree = "<group>"; };
		8817E985153236A29AE32C9E /* E621Client.swift */ = {isa = PBXFileReference; lastKnownFileType = sourcecode.swift; path = E621Client.swift; sourceTree = "<group>"; };
		91A7EF04A45CB9D08435B029 /* BooruSite.swift */ = {isa = PBXFileReference; lastKnownFileType = sourcecode.swift; path = BooruSite.swift; sourceTree = "<group>"; };
		9485C85046F3B5FB2D11F456 /* BooruImage.swift */ = {isa = PBXFileReference; lastKnownFileType = sourcecode.swift; path = BooruImage.swift; sourceTree = "<group>"; };
		98E6621E6C06E560002B7879 /* Assets.xcassets */ = {isa = PBXFileReference; lastKnownFileType = folder.assetcatalog; path = Assets.xcassets; sourceTree = "<group>"; };
		9B3954E65EEABCBE9F2365C3 /* LegacyGelbooruClient.swift */ = {isa = PBXFileReference; lastKnownFileType = sourcecode.swift; path = LegacyGelbooruClient.swift; sourceTree = "<group>"; };
		9DC0242BA162E8B511DC5D85 /* MobileGalleryView.swift */ = {isa = PBXFileReference; lastKnownFileType = sourcecode.swift; path = MobileGalleryView.swift; sourceTree = "<group>"; };
		AF64069B34C9F9F6DABF81D6 /* MobileSiteEditorView.swift */ = {isa = PBXFileReference; lastKnownFileType = sourcecode.swift; path = MobileSiteEditorView.swift; sourceTree = "<group>"; };
		BE9290B3F19F15763610F88D /* BooruFilterOption.swift */ = {isa = PBXFileReference; lastKnownFileType = sourcecode.swift; path = BooruFilterOption.swift; sourceTree = "<group>"; };
		C1A519732FE846F300635089 /* BooruBar.app */ = {isa = PBXFileReference; explicitFileType = wrapper.application; includeInIndex = 0; path = BooruBar.app; sourceTree = BUILT_PRODUCTS_DIR; };
		C1A519812FE846F700635089 /* BooruBarTests.xctest */ = {isa = PBXFileReference; explicitFileType = wrapper.cfbundle; includeInIndex = 0; path = BooruBarTests.xctest; sourceTree = BUILT_PRODUCTS_DIR; };
		C1A5198B2FE846F800635089 /* BooruBarUITests.xctest */ = {isa = PBXFileReference; explicitFileType = wrapper.cfbundle; includeInIndex = 0; path = BooruBarUITests.xctest; sourceTree = BUILT_PRODUCTS_DIR; };
		C1C398FB3050A4120064F4A6 /* iBooruBar.app */ = {isa = PBXFileReference; explicitFileType = wrapper.application; includeInIndex = 0; path = iBooruBar.app; sourceTree = BUILT_PRODUCTS_DIR; };
		C1C399073050A4170064F4A6 /* iBooruBarTests.xctest */ = {isa = PBXFileReference; explicitFileType = wrapper.cfbundle; includeInIndex = 0; path = iBooruBarTests.xctest; sourceTree = BUILT_PRODUCTS_DIR; };
		C1C399113050A4170064F4A6 /* iBooruBarUITests.xctest */ = {isa = PBXFileReference; explicitFileType = wrapper.cfbundle; includeInIndex = 0; path = iBooruBarUITests.xctest; sourceTree = BUILT_PRODUCTS_DIR; };
		C3D94F6089AFC82CE29A2B6D /* BooruBarApp.swift */ = {isa = PBXFileReference; lastKnownFileType = sourcecode.swift; path = BooruBarApp.swift; sourceTree = "<group>"; };
		CF1F0449D9671A5578EF58C1 /* SettingsView.swift */ = {isa = PBXFileReference; lastKnownFileType = sourcecode.swift; path = SettingsView.swift; sourceTree = "<group>"; };
		D9FA094EFAFCD5560BE156EC /* URLQueryBuilder.swift */ = {isa = PBXFileReference; lastKnownFileType = sourcecode.swift; path = URLQueryBuilder.swift; sourceTree = "<group>"; };
		DEE1F46FEF3BE7DC011061EA /* MobileSettingsView.swift */ = {isa = PBXFileReference; lastKnownFileType = sourcecode.swift; path = MobileSettingsView.swift; sourceTree = "<group>"; };
		E6A674F43C1EA2C7318490A2 /* BooruClient.swift */ = {isa = PBXFileReference; lastKnownFileType = sourcecode.swift; path = BooruClient.swift; sourceTree = "<group>"; };
		EC4CE6EF0008A2DC7FBBDF8B /* KeychainStore.swift */ = {isa = PBXFileReference; lastKnownFileType = sourcecode.swift; path = KeychainStore.swift; sourceTree = "<group>"; };
		EE249FE15233B0BB2F819F0F /* GalleryView.swift */ = {isa = PBXFileReference; lastKnownFileType = sourcecode.swift; path = GalleryView.swift; sourceTree = "<group>"; };
		F7598DA3E42BAB57099C15A5 /* GalleryViewModel.swift */ = {isa = PBXFileReference; lastKnownFileType = sourcecode.swift; path = GalleryViewModel.swift; sourceTree = "<group>"; };
/* End PBXFileReference section */

/* Begin PBXFrameworksBuildPhase section */
		C1A519702FE846F300635089 /* Frameworks */ = {
			isa = PBXFrameworksBuildPhase;
			buildActionMask = 2147483647;
			files = (
			);
			runOnlyForDeploymentPostprocessing = 0;
		};
		C1A5197E2FE846F700635089 /* Frameworks */ = {
			isa = PBXFrameworksBuildPhase;
			buildActionMask = 2147483647;
			files = (
			);
			runOnlyForDeploymentPostprocessing = 0;
		};
		C1A519882FE846F800635089 /* Frameworks */ = {
			isa = PBXFrameworksBuildPhase;
			buildActionMask = 2147483647;
			files = (
			);
			runOnlyForDeploymentPostprocessing = 0;
		};
		C1C398F83050A4120064F4A6 /* Frameworks */ = {
			isa = PBXFrameworksBuildPhase;
			buildActionMask = 2147483647;
			files = (
			);
			runOnlyForDeploymentPostprocessing = 0;
		};
		C1C399043050A4170064F4A6 /* Frameworks */ = {
			isa = PBXFrameworksBuildPhase;
			buildActionMask = 2147483647;
			files = (
			);
			runOnlyForDeploymentPostprocessing = 0;
		};
		C1C3990E3050A4170064F4A6 /* Frameworks */ = {
			isa = PBXFrameworksBuildPhase;
			buildActionMask = 2147483647;
			files = (
			);
			runOnlyForDeploymentPostprocessing = 0;
		};
/* End PBXFrameworksBuildPhase section */

/* Begin PBXGroup section */
		0ED7FA453F5F7B321D178716 /* BooruBar */ = {
			isa = PBXGroup;
			children = (
				C3D94F6089AFC82CE29A2B6D /* BooruBarApp.swift */,
				1DF1E96BED5B0A2520B38AE3 /* ContentView.swift */,
				0EAFCB71ACC70117A585FCBE /* GalleryCardView.swift */,
				EE249FE15233B0BB2F819F0F /* GalleryView.swift */,
				BDA3FD5A9EF6179AEF960C65 /* Models */,
				49F691E35288062468C3610F /* Networking */,
				7CE6D2A527F31AFD7FA2DD17 /* SearchView.swift */,
				CF1F0449D9671A5578EF58C1 /* SettingsView.swift */,
				4C1693BD19200C21CC6BC3DD /* Storage */,
				7BABF789353FFDC438FC208D /* Utilities */,
				8997D838ABC0FD9BDCA6A8CD /* ViewModels */,
				98E6621E6C06E560002B7879 /* Assets.xcassets */,
				23304FF71C798100A8516E7C /* BooruBar.entitlements */,
			);
			path = BooruBar;
			sourceTree = "<group>";
		};
		49F691E35288062468C3610F /* Networking */ = {
			isa = PBXGroup;
			children = (
				E6A674F43C1EA2C7318490A2 /* BooruClient.swift */,
				8817E985153236A29AE32C9E /* E621Client.swift */,
				71DF25328B323D61DC538243 /* GelbooruDapiClient.swift */,
				9B3954E65EEABCBE9F2365C3 /* LegacyGelbooruClient.swift */,
				4CB9EBC9A75EA6EB051B3043 /* PhilomenaClient.swift */,
			);
			path = Networking;
			sourceTree = "<group>";
		};
		4C1693BD19200C21CC6BC3DD /* Storage */ = {
			isa = PBXGroup;
			children = (
				EC4CE6EF0008A2DC7FBBDF8B /* KeychainStore.swift */,
				6516786BB80A41B1A43F8606 /* SettingsStore.swift */,
			);
			path = Storage;
			sourceTree = "<group>";
		};
		7BABF789353FFDC438FC208D /* Utilities */ = {
			isa = PBXGroup;
			children = (
				D9FA094EFAFCD5560BE156EC /* URLQueryBuilder.swift */,
			);
			path = Utilities;
			sourceTree = "<group>";
		};
		8997D838ABC0FD9BDCA6A8CD /* ViewModels */ = {
			isa = PBXGroup;
			children = (
				F7598DA3E42BAB57099C15A5 /* GalleryViewModel.swift */,
			);
			path = ViewModels;
			sourceTree = "<group>";
		};
		BDA3FD5A9EF6179AEF960C65 /* Models */ = {
			isa = PBXGroup;
			children = (
				BE9290B3F19F15763610F88D /* BooruFilterOption.swift */,
				9485C85046F3B5FB2D11F456 /* BooruImage.swift */,
				91A7EF04A45CB9D08435B029 /* BooruSite.swift */,
			);
			path = Models;
			sourceTree = "<group>";
		};
		C1A5196A2FE846F300635089 = {
			isa = PBXGroup;
			children = (
				0ED7FA453F5F7B321D178716 /* BooruBar */,
				FBFD6E4E7C2B01C029A7D463 /* iBooruBar */,
				C1A519742FE846F300635089 /* Products */,
			);
			sourceTree = "<group>";
		};
		C1A519742FE846F300635089 /* Products */ = {
			isa = PBXGroup;
			children = (
				C1A519732FE846F300635089 /* BooruBar.app */,
				C1A519812FE846F700635089 /* BooruBarTests.xctest */,
				C1A5198B2FE846F800635089 /* BooruBarUITests.xctest */,
				C1C398FB3050A4120064F4A6 /* iBooruBar.app */,
				C1C399073050A4170064F4A6 /* iBooruBarTests.xctest */,
				C1C399113050A4170064F4A6 /* iBooruBarUITests.xctest */,
			);
			name = Products;
			sourceTree = "<group>";
		};
		FBFD6E4E7C2B01C029A7D463 /* iBooruBar */ = {
			isa = PBXGroup;
			children = (
				506147A0E08A665C94A57CC5 /* iBooruBarApp.swift */,
				21BCA23D585B2CEF75CA0CED /* MobileContentView.swift */,
				9DC0242BA162E8B511DC5D85 /* MobileGalleryView.swift */,
				82ABC004E94DEDAA944B4451 /* MobileGalleryCardView.swift */,
				0E656588295E34B826771831 /* MobileSearchView.swift */,
				DEE1F46FEF3BE7DC011061EA /* MobileSettingsView.swift */,
				AF64069B34C9F9F6DABF81D6 /* MobileSiteEditorView.swift */,
				57C11EEABBE34173606DA9CF /* MobileCommentsView.swift */,
				52E62ED4E2823B05093C0228 /* BooruInteractions.swift */,
				2230C053EE678ABC2CF14F47 /* GelbooruCommentsClient.swift */,
				71114E97761BCAB8142CD4D6 /* Assets.xcassets */,
			);
			path = iBooruBar;
			sourceTree = "<group>";
		};
/* End PBXGroup section */

/* Begin PBXNativeTarget section */
		C1A519722FE846F300635089 /* BooruBar */ = {
			isa = PBXNativeTarget;
			buildConfigurationList = C1A519952FE846F800635089 /* Build configuration list for PBXNativeTarget "BooruBar" */;
			buildPhases = (
				C1A5196F2FE846F300635089 /* Sources */,
				C1A519702FE846F300635089 /* Frameworks */,
				C1A519712FE846F300635089 /* Resources */,
			);
			buildRules = (
			);
			dependencies = (
			);
			name = BooruBar;
			packageProductDependencies = (
			);
			productName = BooruBar;
			productReference = C1A519732FE846F300635089 /* BooruBar.app */;
			productType = "com.apple.product-type.application";
		};
		C1A519802FE846F700635089 /* BooruBarTests */ = {
			isa = PBXNativeTarget;
			buildConfigurationList = C1A519982FE846F800635089 /* Build configuration list for PBXNativeTarget "BooruBarTests" */;
			buildPhases = (
				C1A5197D2FE846F700635089 /* Sources */,
				C1A5197E2FE846F700635089 /* Frameworks */,
				C1A5197F2FE846F700635089 /* Resources */,
			);
			buildRules = (
			);
			dependencies = (
				C1A519832FE846F700635089 /* PBXTargetDependency */,
			);
			name = BooruBarTests;
			packageProductDependencies = (
			);
			productName = BooruBarTests;
			productReference = C1A519812FE846F700635089 /* BooruBarTests.xctest */;
			productType = "com.apple.product-type.bundle.unit-test";
		};
		C1A5198A2FE846F800635089 /* BooruBarUITests */ = {
			isa = PBXNativeTarget;
			buildConfigurationList = C1A5199B2FE846F800635089 /* Build configuration list for PBXNativeTarget "BooruBarUITests" */;
			buildPhases = (
				C1A519872FE846F800635089 /* Sources */,
				C1A519882FE846F800635089 /* Frameworks */,
				C1A519892FE846F800635089 /* Resources */,
			);
			buildRules = (
			);
			dependencies = (
				C1A5198D2FE846F800635089 /* PBXTargetDependency */,
			);
			name = BooruBarUITests;
			packageProductDependencies = (
			);
			productName = BooruBarUITests;
			productReference = C1A5198B2FE846F800635089 /* BooruBarUITests.xctest */;
			productType = "com.apple.product-type.bundle.ui-testing";
		};
		C1C398FA3050A4120064F4A6 /* iBooruBar */ = {
			isa = PBXNativeTarget;
			buildConfigurationList = C1C3991F3050A4170064F4A6 /* Build configuration list for PBXNativeTarget "iBooruBar" */;
			buildPhases = (
				C1C398F73050A4120064F4A6 /* Sources */,
				C1C398F83050A4120064F4A6 /* Frameworks */,
				C1C398F93050A4120064F4A6 /* Resources */,
			);
			buildRules = (
			);
			dependencies = (
			);
			name = iBooruBar;
			packageProductDependencies = (
			);
			productName = iBooruBar;
			productReference = C1C398FB3050A4120064F4A6 /* iBooruBar.app */;
			productType = "com.apple.product-type.application";
		};
		C1C399063050A4170064F4A6 /* iBooruBarTests */ = {
			isa = PBXNativeTarget;
			buildConfigurationList = C1C399203050A4170064F4A6 /* Build configuration list for PBXNativeTarget "iBooruBarTests" */;
			buildPhases = (
				C1C399033050A4170064F4A6 /* Sources */,
				C1C399043050A4170064F4A6 /* Frameworks */,
				C1C399053050A4170064F4A6 /* Resources */,
			);
			buildRules = (
			);
			dependencies = (
				C1C399093050A4170064F4A6 /* PBXTargetDependency */,
			);
			name = iBooruBarTests;
			packageProductDependencies = (
			);
			productName = iBooruBarTests;
			productReference = C1C399073050A4170064F4A6 /* iBooruBarTests.xctest */;
			productType = "com.apple.product-type.bundle.unit-test";
		};
		C1C399103050A4170064F4A6 /* iBooruBarUITests */ = {
			isa = PBXNativeTarget;
			buildConfigurationList = C1C399213050A4170064F4A6 /* Build configuration list for PBXNativeTarget "iBooruBarUITests" */;
			buildPhases = (
				C1C3990D3050A4170064F4A6 /* Sources */,
				C1C3990E3050A4170064F4A6 /* Frameworks */,
				C1C3990F3050A4170064F4A6 /* Resources */,
			);
			buildRules = (
			);
			dependencies = (
				C1C399133050A4170064F4A6 /* PBXTargetDependency */,
			);
			name = iBooruBarUITests;
			packageProductDependencies = (
			);
			productName = iBooruBarUITests;
			productReference = C1C399113050A4170064F4A6 /* iBooruBarUITests.xctest */;
			productType = "com.apple.product-type.bundle.ui-testing";
		};
/* End PBXNativeTarget section */

/* Begin PBXProject section */
		C1A5196B2FE846F300635089 /* Project object */ = {
			isa = PBXProject;
			attributes = {
				BuildIndependentTargetsInParallel = 1;
				LastSwiftUpdateCheck = 1420;
				LastUpgradeCheck = 1420;
				TargetAttributes = {
					C1A519722FE846F300635089 = {
						CreatedOnToolsVersion = 14.2;
					};
					C1A519802FE846F700635089 = {
						CreatedOnToolsVersion = 14.2;
						TestTargetID = C1A519722FE846F300635089;
					};
					C1A5198A2FE846F800635089 = {
						CreatedOnToolsVersion = 14.2;
						TestTargetID = C1A519722FE846F300635089;
					};
					C1C398FA3050A4120064F4A6 = {
						CreatedOnToolsVersion = 14.2;
					};
					C1C399063050A4170064F4A6 = {
						CreatedOnToolsVersion = 14.2;
						TestTargetID = C1C398FA3050A4120064F4A6;
					};
					C1C399103050A4170064F4A6 = {
						CreatedOnToolsVersion = 14.2;
						TestTargetID = C1C398FA3050A4120064F4A6;
					};
				};
			};
			buildConfigurationList = C1A5196E2FE846F300635089 /* Build configuration list for PBXProject "BooruBar-Xcode14" */;
			compatibilityVersion = "Xcode 14.0";
			developmentRegion = en;
			hasScannedForEncodings = 0;
			knownRegions = (
				en,
				Base,
			);
			mainGroup = C1A5196A2FE846F300635089;
			productRefGroup = C1A519742FE846F300635089 /* Products */;
			projectDirPath = "";
			projectRoot = "";
			targets = (
				C1A519722FE846F300635089 /* BooruBar */,
				C1A519802FE846F700635089 /* BooruBarTests */,
				C1A5198A2FE846F800635089 /* BooruBarUITests */,
				C1C398FA3050A4120064F4A6 /* iBooruBar */,
				C1C399063050A4170064F4A6 /* iBooruBarTests */,
				C1C399103050A4170064F4A6 /* iBooruBarUITests */,
			);
		};
/* End PBXProject section */

/* Begin PBXResourcesBuildPhase section */
		C1A519712FE846F300635089 /* Resources */ = {
			isa = PBXResourcesBuildPhase;
			buildActionMask = 2147483647;
			files = (
				7F4F62CE274FCFF14857E72F /* Assets.xcassets in Resources */,
			);
			runOnlyForDeploymentPostprocessing = 0;
		};
		C1A5197F2FE846F700635089 /* Resources */ = {
			isa = PBXResourcesBuildPhase;
			buildActionMask = 2147483647;
			files = (
			);
			runOnlyForDeploymentPostprocessing = 0;
		};
		C1A519892FE846F800635089 /* Resources */ = {
			isa = PBXResourcesBuildPhase;
			buildActionMask = 2147483647;
			files = (
			);
			runOnlyForDeploymentPostprocessing = 0;
		};
		C1C398F93050A4120064F4A6 /* Resources */ = {
			isa = PBXResourcesBuildPhase;
			buildActionMask = 2147483647;
			files = (
				640FC9CF2AE7A9C59355679E /* Assets.xcassets in Resources */,
			);
			runOnlyForDeploymentPostprocessing = 0;
		};
		C1C399053050A4170064F4A6 /* Resources */ = {
			isa = PBXResourcesBuildPhase;
			buildActionMask = 2147483647;
			files = (
			);
			runOnlyForDeploymentPostprocessing = 0;
		};
		C1C3990F3050A4170064F4A6 /* Resources */ = {
			isa = PBXResourcesBuildPhase;
			buildActionMask = 2147483647;
			files = (
			);
			runOnlyForDeploymentPostprocessing = 0;
		};
/* End PBXResourcesBuildPhase section */

/* Begin PBXSourcesBuildPhase section */
		C1A5196F2FE846F300635089 /* Sources */ = {
			isa = PBXSourcesBuildPhase;
			buildActionMask = 2147483647;
			files = (
				2AB555AF2CA45FCE0852F95D /* BooruBarApp.swift in Sources */,
				BA47120875AAFF23EE1E045A /* ContentView.swift in Sources */,
				08168BEDDF1BBFE6FBAFD1A1 /* GalleryCardView.swift in Sources */,
				D8269EA73B6CCAA3E1D2A15F /* GalleryView.swift in Sources */,
				35847E27559A4C00FDFE6ED0 /* BooruFilterOption.swift in Sources */,
				D7CAE87739221DBE40D97F0D /* BooruImage.swift in Sources */,
				5974CAC5F6E4EC5259122EEF /* BooruSite.swift in Sources */,
				923C346A77526A26DBF9342B /* BooruClient.swift in Sources */,
				7078C007BCBE33D6701EF32D /* E621Client.swift in Sources */,
				CA931F445225EE3D96597D89 /* GelbooruDapiClient.swift in Sources */,
				D4A8F9733A138459F7D54383 /* LegacyGelbooruClient.swift in Sources */,
				B90376800526CC0E7C79CF32 /* PhilomenaClient.swift in Sources */,
				8B7A90DB14B8A0471B880524 /* SearchView.swift in Sources */,
				C2132CC2A4BA4344CF2146DE /* SettingsView.swift in Sources */,
				DD36BC9B050471FAD0E8DDE7 /* KeychainStore.swift in Sources */,
				247F06DD48BC6B4D65866222 /* SettingsStore.swift in Sources */,
				7B964483C6756EC8A11B0DF6 /* URLQueryBuilder.swift in Sources */,
				6017146A8B3D22F91FEF6A8C /* GalleryViewModel.swift in Sources */,
			);
			runOnlyForDeploymentPostprocessing = 0;
		};
		C1A5197D2FE846F700635089 /* Sources */ = {
			isa = PBXSourcesBuildPhase;
			buildActionMask = 2147483647;
			files = (
			);
			runOnlyForDeploymentPostprocessing = 0;
		};
		C1A519872FE846F800635089 /* Sources */ = {
			isa = PBXSourcesBuildPhase;
			buildActionMask = 2147483647;
			files = (
			);
			runOnlyForDeploymentPostprocessing = 0;
		};
		C1C398F73050A4120064F4A6 /* Sources */ = {
			isa = PBXSourcesBuildPhase;
			buildActionMask = 2147483647;
			files = (
				B70449777D16C35DE653C604 /* BooruInteractions.swift in Sources */,
				32D9ED9A9ED37EA225C3A60C /* GelbooruCommentsClient.swift in Sources */,
				0396A744D3E824F2A13E4C60 /* MobileCommentsView.swift in Sources */,
				1FA85D132607DE4998D806EC /* MobileContentView.swift in Sources */,
				51B48C004DF81F87C34A383D /* MobileGalleryCardView.swift in Sources */,
				07EC7EB4DD920FD68DD7B8F9 /* MobileGalleryView.swift in Sources */,
				DEE2DCAC6F48FF8307F7E4A5 /* MobileSearchView.swift in Sources */,
				221960A8129507989317C8AA /* MobileSettingsView.swift in Sources */,
				8EB31D656E5B4915E11E0808 /* MobileSiteEditorView.swift in Sources */,
				C9A837290C454037D72DDCDC /* iBooruBarApp.swift in Sources */,
				1A893889CCBF9B31C08AA5C8 /* BooruFilterOption.swift in Sources */,
				180977E602D2CE5DE3A8BC79 /* BooruImage.swift in Sources */,
				ECC17FB39EF5F33E5BC6CE39 /* BooruSite.swift in Sources */,
				F036D66C66B4B74A22D2ACAF /* BooruClient.swift in Sources */,
				0D282A1BF7BA54E8F249F67F /* E621Client.swift in Sources */,
				2C9F4FC0DB68E900462611F0 /* GelbooruDapiClient.swift in Sources */,
				84A65882E9790EE6C26401C3 /* LegacyGelbooruClient.swift in Sources */,
				775CB1A062F704521CC0457A /* PhilomenaClient.swift in Sources */,
				24CC12D909E414ED790B3C42 /* KeychainStore.swift in Sources */,
				37B25889A4CDD9BA02016A6F /* SettingsStore.swift in Sources */,
				CF1E0DCB52BDB7C41962AD61 /* URLQueryBuilder.swift in Sources */,
				CF2113EC8B92768EB181A7A5 /* GalleryViewModel.swift in Sources */,
			);
			runOnlyForDeploymentPostprocessing = 0;
		};
		C1C399033050A4170064F4A6 /* Sources */ = {
			isa = PBXSourcesBuildPhase;
			buildActionMask = 2147483647;
			files = (
			);
			runOnlyForDeploymentPostprocessing = 0;
		};
		C1C3990D3050A4170064F4A6 /* Sources */ = {
			isa = PBXSourcesBuildPhase;
			buildActionMask = 2147483647;
			files = (
			);
			runOnlyForDeploymentPostprocessing = 0;
		};
/* End PBXSourcesBuildPhase section */

/* Begin PBXTargetDependency section */
		C1A519832FE846F700635089 /* PBXTargetDependency */ = {
			isa = PBXTargetDependency;
			target = C1A519722FE846F300635089 /* BooruBar */;
			targetProxy = C1A519822FE846F700635089 /* PBXContainerItemProxy */;
		};
		C1A5198D2FE846F800635089 /* PBXTargetDependency */ = {
			isa = PBXTargetDependency;
			target = C1A519722FE846F300635089 /* BooruBar */;
			targetProxy = C1A5198C2FE846F800635089 /* PBXContainerItemProxy */;
		};
		C1C399093050A4170064F4A6 /* PBXTargetDependency */ = {
			isa = PBXTargetDependency;
			target = C1C398FA3050A4120064F4A6 /* iBooruBar */;
			targetProxy = C1C399083050A4170064F4A6 /* PBXContainerItemProxy */;
		};
		C1C399133050A4170064F4A6 /* PBXTargetDependency */ = {
			isa = PBXTargetDependency;
			target = C1C398FA3050A4120064F4A6 /* iBooruBar */;
			targetProxy = C1C399123050A4170064F4A6 /* PBXContainerItemProxy */;
		};
/* End PBXTargetDependency section */

/* Begin XCBuildConfiguration section */
		C1A519932FE846F800635089 /* Debug */ = {
			isa = XCBuildConfiguration;
			buildSettings = {
				ALWAYS_SEARCH_USER_PATHS = NO;
				ASSETCATALOG_COMPILER_GENERATE_SWIFT_ASSET_SYMBOL_EXTENSIONS = YES;
				CLANG_ANALYZER_NONNULL = YES;
				CLANG_ANALYZER_NUMBER_OBJECT_CONVERSION = YES_AGGRESSIVE;
				CLANG_CXX_LANGUAGE_STANDARD = "gnu++20";
				CLANG_ENABLE_MODULES = YES;
				CLANG_ENABLE_OBJC_ARC = YES;
				CLANG_ENABLE_OBJC_WEAK = YES;
				CLANG_WARN_BLOCK_CAPTURE_AUTORELEASING = YES;
				CLANG_WARN_BOOL_CONVERSION = YES;
				CLANG_WARN_COMMA = YES;
				CLANG_WARN_CONSTANT_CONVERSION = YES;
				CLANG_WARN_DEPRECATED_OBJC_IMPLEMENTATIONS = YES;
				CLANG_WARN_DIRECT_OBJC_ISA_USAGE = YES_ERROR;
				CLANG_WARN_DOCUMENTATION_COMMENTS = YES;
				CLANG_WARN_EMPTY_BODY = YES;
				CLANG_WARN_ENUM_CONVERSION = YES;
				CLANG_WARN_INFINITE_RECURSION = YES;
				CLANG_WARN_INT_CONVERSION = YES;
				CLANG_WARN_NON_LITERAL_NULL_CONVERSION = YES;
				CLANG_WARN_OBJC_IMPLICIT_RETAIN_SELF = YES;
				CLANG_WARN_OBJC_LITERAL_CONVERSION = YES;
				CLANG_WARN_OBJC_ROOT_CLASS = YES_ERROR;
				CLANG_WARN_QUOTED_INCLUDE_IN_FRAMEWORK_HEADER = YES;
				CLANG_WARN_RANGE_LOOP_ANALYSIS = YES;
				CLANG_WARN_STRICT_PROTOTYPES = YES;
				CLANG_WARN_SUSPICIOUS_MOVE = YES;
				CLANG_WARN_UNGUARDED_AVAILABILITY = YES_AGGRESSIVE;
				CLANG_WARN_UNREACHABLE_CODE = YES;
				CLANG_WARN__DUPLICATE_METHOD_MATCH = YES;
				COPY_PHASE_STRIP = NO;
				DEBUG_INFORMATION_FORMAT = dwarf;
				DEVELOPMENT_TEAM = 36FFHP37HT;
				ENABLE_STRICT_OBJC_MSGSEND = YES;
				ENABLE_TESTABILITY = YES;
				ENABLE_USER_SCRIPT_SANDBOXING = YES;
				GCC_C_LANGUAGE_STANDARD = gnu17;
				GCC_DYNAMIC_NO_PIC = NO;
				GCC_NO_COMMON_BLOCKS = YES;
				GCC_OPTIMIZATION_LEVEL = 0;
				GCC_PREPROCESSOR_DEFINITIONS = (
					"DEBUG=1",
					"$(inherited)",
				);
				GCC_WARN_64_TO_32_BIT_CONVERSION = YES;
				GCC_WARN_ABOUT_RETURN_TYPE = YES_ERROR;
				GCC_WARN_UNDECLARED_SELECTOR = YES;
				GCC_WARN_UNINITIALIZED_AUTOS = YES_AGGRESSIVE;
				GCC_WARN_UNUSED_FUNCTION = YES;
				GCC_WARN_UNUSED_VARIABLE = YES;
				MACOSX_DEPLOYMENT_TARGET = 12.0;
				MTL_ENABLE_DEBUG_INFO = INCLUDE_SOURCE;
				MTL_FAST_MATH = YES;
				ONLY_ACTIVE_ARCH = YES;
				SDKROOT = macosx;
				SWIFT_ACTIVE_COMPILATION_CONDITIONS = "DEBUG $(inherited)";
				SWIFT_OPTIMIZATION_LEVEL = "-Onone";
			};
			name = Debug;
		};
		C1A519942FE846F800635089 /* Release */ = {
			isa = XCBuildConfiguration;
			buildSettings = {
				ALWAYS_SEARCH_USER_PATHS = NO;
				ASSETCATALOG_COMPILER_GENERATE_SWIFT_ASSET_SYMBOL_EXTENSIONS = YES;
				CLANG_ANALYZER_NONNULL = YES;
				CLANG_ANALYZER_NUMBER_OBJECT_CONVERSION = YES_AGGRESSIVE;
				CLANG_CXX_LANGUAGE_STANDARD = "gnu++20";
				CLANG_ENABLE_MODULES = YES;
				CLANG_ENABLE_OBJC_ARC = YES;
				CLANG_ENABLE_OBJC_WEAK = YES;
				CLANG_WARN_BLOCK_CAPTURE_AUTORELEASING = YES;
				CLANG_WARN_BOOL_CONVERSION = YES;
				CLANG_WARN_COMMA = YES;
				CLANG_WARN_CONSTANT_CONVERSION = YES;
				CLANG_WARN_DEPRECATED_OBJC_IMPLEMENTATIONS = YES;
				CLANG_WARN_DIRECT_OBJC_ISA_USAGE = YES_ERROR;
				CLANG_WARN_DOCUMENTATION_COMMENTS = YES;
				CLANG_WARN_EMPTY_BODY = YES;
				CLANG_WARN_ENUM_CONVERSION = YES;
				CLANG_WARN_INFINITE_RECURSION = YES;
				CLANG_WARN_INT_CONVERSION = YES;
				CLANG_WARN_NON_LITERAL_NULL_CONVERSION = YES;
				CLANG_WARN_OBJC_IMPLICIT_RETAIN_SELF = YES;
				CLANG_WARN_OBJC_LITERAL_CONVERSION = YES;
				CLANG_WARN_OBJC_ROOT_CLASS = YES_ERROR;
				CLANG_WARN_QUOTED_INCLUDE_IN_FRAMEWORK_HEADER = YES;
				CLANG_WARN_RANGE_LOOP_ANALYSIS = YES;
				CLANG_WARN_STRICT_PROTOTYPES = YES;
				CLANG_WARN_SUSPICIOUS_MOVE = YES;
				CLANG_WARN_UNGUARDED_AVAILABILITY = YES_AGGRESSIVE;
				CLANG_WARN_UNREACHABLE_CODE = YES;
				CLANG_WARN__DUPLICATE_METHOD_MATCH = YES;
				COPY_PHASE_STRIP = NO;
				DEBUG_INFORMATION_FORMAT = "dwarf-with-dsym";
				DEVELOPMENT_TEAM = 36FFHP37HT;
				ENABLE_NS_ASSERTIONS = NO;
				ENABLE_STRICT_OBJC_MSGSEND = YES;
				ENABLE_USER_SCRIPT_SANDBOXING = YES;
				GCC_C_LANGUAGE_STANDARD = gnu17;
				GCC_NO_COMMON_BLOCKS = YES;
				GCC_WARN_64_TO_32_BIT_CONVERSION = YES;
				GCC_WARN_ABOUT_RETURN_TYPE = YES_ERROR;
				GCC_WARN_UNDECLARED_SELECTOR = YES;
				GCC_WARN_UNINITIALIZED_AUTOS = YES_AGGRESSIVE;
				GCC_WARN_UNUSED_FUNCTION = YES;
				GCC_WARN_UNUSED_VARIABLE = YES;
				MACOSX_DEPLOYMENT_TARGET = 12.0;
				MTL_ENABLE_DEBUG_INFO = NO;
				MTL_FAST_MATH = YES;
				SDKROOT = macosx;
				SWIFT_COMPILATION_MODE = wholemodule;
			};
			name = Release;
		};
		C1A519962FE846F800635089 /* Debug */ = {
			isa = XCBuildConfiguration;
			buildSettings = {
				ASSETCATALOG_COMPILER_APPICON_NAME = AppIcon;
				ASSETCATALOG_COMPILER_GLOBAL_ACCENT_COLOR_NAME = AccentColor;
				CODE_SIGN_ENTITLEMENTS = BooruBar/BooruBar.entitlements;
				CODE_SIGN_STYLE = Automatic;
				COMBINE_HIDPI_IMAGES = YES;
				CURRENT_PROJECT_VERSION = 1;
				DEVELOPMENT_TEAM = 36FFHP37HT;
				ENABLE_HARDENED_RUNTIME = YES;
				ENABLE_PREVIEWS = YES;
				GENERATE_INFOPLIST_FILE = YES;
				INFOPLIST_KEY_LSUIElement = YES;
				INFOPLIST_KEY_NSHumanReadableCopyright = "";
				LD_RUNPATH_SEARCH_PATHS = (
					"$(inherited)",
					"@executable_path/../Frameworks",
				);
				MACOSX_DEPLOYMENT_TARGET = 12.0;
				MARKETING_VERSION = 1.0;
				PRODUCT_BUNDLE_IDENTIFIER = ru.ibworkshop.BooruBar;
				PRODUCT_NAME = "$(TARGET_NAME)";
				SWIFT_EMIT_LOC_STRINGS = YES;
				SWIFT_VERSION = 5.0;
			};
			name = Debug;
		};
		C1A519972FE846F800635089 /* Release */ = {
			isa = XCBuildConfiguration;
			buildSettings = {
				ASSETCATALOG_COMPILER_APPICON_NAME = AppIcon;
				ASSETCATALOG_COMPILER_GLOBAL_ACCENT_COLOR_NAME = AccentColor;
				CODE_SIGN_ENTITLEMENTS = BooruBar/BooruBar.entitlements;
				CODE_SIGN_STYLE = Automatic;
				COMBINE_HIDPI_IMAGES = YES;
				CURRENT_PROJECT_VERSION = 1;
				DEVELOPMENT_TEAM = 36FFHP37HT;
				ENABLE_HARDENED_RUNTIME = YES;
				ENABLE_PREVIEWS = YES;
				GENERATE_INFOPLIST_FILE = YES;
				INFOPLIST_KEY_LSUIElement = YES;
				INFOPLIST_KEY_NSHumanReadableCopyright = "";
				LD_RUNPATH_SEARCH_PATHS = (
					"$(inherited)",
					"@executable_path/../Frameworks",
				);
				MACOSX_DEPLOYMENT_TARGET = 12.0;
				MARKETING_VERSION = 1.0;
				PRODUCT_BUNDLE_IDENTIFIER = ru.ibworkshop.BooruBar;
				PRODUCT_NAME = "$(TARGET_NAME)";
				SWIFT_EMIT_LOC_STRINGS = YES;
				SWIFT_VERSION = 5.0;
			};
			name = Release;
		};
		C1A519992FE846F800635089 /* Debug */ = {
			isa = XCBuildConfiguration;
			buildSettings = {
				BUNDLE_LOADER = "$(TEST_HOST)";
				CODE_SIGN_STYLE = Automatic;
				CURRENT_PROJECT_VERSION = 1;
				DEVELOPMENT_TEAM = 36FFHP37HT;
				GENERATE_INFOPLIST_FILE = YES;
				MACOSX_DEPLOYMENT_TARGET = 12.0;
				MARKETING_VERSION = 1.0;
				PRODUCT_BUNDLE_IDENTIFIER = ru.ibworkshop.BooruBarTests;
				PRODUCT_NAME = "$(TARGET_NAME)";
				SWIFT_EMIT_LOC_STRINGS = NO;
				SWIFT_VERSION = 5.0;
				TEST_HOST = "$(BUILT_PRODUCTS_DIR)/BooruBar.app/$(BUNDLE_EXECUTABLE_FOLDER_PATH)/BooruBar";
			};
			name = Debug;
		};
		C1A5199A2FE846F800635089 /* Release */ = {
			isa = XCBuildConfiguration;
			buildSettings = {
				BUNDLE_LOADER = "$(TEST_HOST)";
				CODE_SIGN_STYLE = Automatic;
				CURRENT_PROJECT_VERSION = 1;
				DEVELOPMENT_TEAM = 36FFHP37HT;
				GENERATE_INFOPLIST_FILE = YES;
				MACOSX_DEPLOYMENT_TARGET = 12.0;
				MARKETING_VERSION = 1.0;
				PRODUCT_BUNDLE_IDENTIFIER = ru.ibworkshop.BooruBarTests;
				PRODUCT_NAME = "$(TARGET_NAME)";
				SWIFT_EMIT_LOC_STRINGS = NO;
				SWIFT_VERSION = 5.0;
				TEST_HOST = "$(BUILT_PRODUCTS_DIR)/BooruBar.app/$(BUNDLE_EXECUTABLE_FOLDER_PATH)/BooruBar";
			};
			name = Release;
		};
		C1A5199C2FE846F800635089 /* Debug */ = {
			isa = XCBuildConfiguration;
			buildSettings = {
				CODE_SIGN_STYLE = Automatic;
				CURRENT_PROJECT_VERSION = 1;
				DEVELOPMENT_TEAM = 36FFHP37HT;
				GENERATE_INFOPLIST_FILE = YES;
				MARKETING_VERSION = 1.0;
				PRODUCT_BUNDLE_IDENTIFIER = ru.ibworkshop.BooruBarUITests;
				PRODUCT_NAME = "$(TARGET_NAME)";
				SWIFT_EMIT_LOC_STRINGS = NO;
				SWIFT_VERSION = 5.0;
				TEST_TARGET_NAME = BooruBar;
			};
			name = Debug;
		};
		C1A5199D2FE846F800635089 /* Release */ = {
			isa = XCBuildConfiguration;
			buildSettings = {
				CODE_SIGN_STYLE = Automatic;
				CURRENT_PROJECT_VERSION = 1;
				DEVELOPMENT_TEAM = 36FFHP37HT;
				GENERATE_INFOPLIST_FILE = YES;
				MARKETING_VERSION = 1.0;
				PRODUCT_BUNDLE_IDENTIFIER = ru.ibworkshop.BooruBarUITests;
				PRODUCT_NAME = "$(TARGET_NAME)";
				SWIFT_EMIT_LOC_STRINGS = NO;
				SWIFT_VERSION = 5.0;
				TEST_TARGET_NAME = BooruBar;
			};
			name = Release;
		};
		C1C399193050A4170064F4A6 /* Debug */ = {
			isa = XCBuildConfiguration;
			buildSettings = {
				ASSETCATALOG_COMPILER_APPICON_NAME = AppIcon;
				ASSETCATALOG_COMPILER_GLOBAL_ACCENT_COLOR_NAME = AccentColor;
				CODE_SIGN_STYLE = Automatic;
				CURRENT_PROJECT_VERSION = 1;
				DEVELOPMENT_TEAM = 36FFHP37HT;
				ENABLE_PREVIEWS = YES;
				GENERATE_INFOPLIST_FILE = YES;
				INFOPLIST_KEY_CFBundleDisplayName = iBooruBar;
				INFOPLIST_KEY_LSApplicationCategoryType = "public.app-category.entertainment";
				INFOPLIST_KEY_UIApplicationSceneManifest_Generation = YES;
				INFOPLIST_KEY_UIApplicationSupportsIndirectInputEvents = YES;
				INFOPLIST_KEY_UILaunchScreen_Generation = YES;
				INFOPLIST_KEY_UISupportedInterfaceOrientations = UIInterfaceOrientationPortrait;
				INFOPLIST_KEY_UISupportedInterfaceOrientations_iPad = "UIInterfaceOrientationPortrait UIInterfaceOrientationPortraitUpsideDown";
				IPHONEOS_DEPLOYMENT_TARGET = 15.5;
				LD_RUNPATH_SEARCH_PATHS = (
					"$(inherited)",
					"@executable_path/Frameworks",
				);
				MARKETING_VERSION = 1.0;
				PRODUCT_BUNDLE_IDENTIFIER = ru.ibworkshop.iBooruBar;
				PRODUCT_NAME = "$(TARGET_NAME)";
				SDKROOT = iphoneos;
				SUPPORTED_PLATFORMS = "iphoneos iphonesimulator";
				SUPPORTS_MACCATALYST = NO;
				SUPPORTS_MAC_DESIGNED_FOR_IPHONE_IPAD = NO;
				SWIFT_EMIT_LOC_STRINGS = YES;
				SWIFT_VERSION = 5.0;
				TARGETED_DEVICE_FAMILY = "1,2";
			};
			name = Debug;
		};
		C1C3991A3050A4170064F4A6 /* Release */ = {
			isa = XCBuildConfiguration;
			buildSettings = {
				ASSETCATALOG_COMPILER_APPICON_NAME = AppIcon;
				ASSETCATALOG_COMPILER_GLOBAL_ACCENT_COLOR_NAME = AccentColor;
				CODE_SIGN_STYLE = Automatic;
				CURRENT_PROJECT_VERSION = 1;
				DEVELOPMENT_TEAM = 36FFHP37HT;
				ENABLE_PREVIEWS = YES;
				GENERATE_INFOPLIST_FILE = YES;
				INFOPLIST_KEY_CFBundleDisplayName = iBooruBar;
				INFOPLIST_KEY_LSApplicationCategoryType = "public.app-category.entertainment";
				INFOPLIST_KEY_UIApplicationSceneManifest_Generation = YES;
				INFOPLIST_KEY_UIApplicationSupportsIndirectInputEvents = YES;
				INFOPLIST_KEY_UILaunchScreen_Generation = YES;
				INFOPLIST_KEY_UISupportedInterfaceOrientations = UIInterfaceOrientationPortrait;
				INFOPLIST_KEY_UISupportedInterfaceOrientations_iPad = "UIInterfaceOrientationPortrait UIInterfaceOrientationPortraitUpsideDown";
				IPHONEOS_DEPLOYMENT_TARGET = 15.5;
				LD_RUNPATH_SEARCH_PATHS = (
					"$(inherited)",
					"@executable_path/Frameworks",
				);
				MARKETING_VERSION = 1.0;
				PRODUCT_BUNDLE_IDENTIFIER = ru.ibworkshop.iBooruBar;
				PRODUCT_NAME = "$(TARGET_NAME)";
				SDKROOT = iphoneos;
				SUPPORTED_PLATFORMS = "iphoneos iphonesimulator";
				SUPPORTS_MACCATALYST = NO;
				SUPPORTS_MAC_DESIGNED_FOR_IPHONE_IPAD = NO;
				SWIFT_EMIT_LOC_STRINGS = YES;
				SWIFT_VERSION = 5.0;
				TARGETED_DEVICE_FAMILY = "1,2";
				VALIDATE_PRODUCT = YES;
			};
			name = Release;
		};
		C1C3991B3050A4170064F4A6 /* Debug */ = {
			isa = XCBuildConfiguration;
			buildSettings = {
				BUNDLE_LOADER = "$(TEST_HOST)";
				CODE_SIGN_STYLE = Automatic;
				CURRENT_PROJECT_VERSION = 1;
				DEVELOPMENT_TEAM = 36FFHP37HT;
				GENERATE_INFOPLIST_FILE = YES;
				IPHONEOS_DEPLOYMENT_TARGET = 15.5;
				MARKETING_VERSION = 1.0;
				PRODUCT_BUNDLE_IDENTIFIER = ru.ibworkshop.iBooruBarTests;
				PRODUCT_NAME = "$(TARGET_NAME)";
				SDKROOT = iphoneos;
				SUPPORTED_PLATFORMS = "iphoneos iphonesimulator";
				SUPPORTS_MACCATALYST = YES;
				SUPPORTS_MAC_DESIGNED_FOR_IPHONE_IPAD = NO;
				SWIFT_EMIT_LOC_STRINGS = NO;
				SWIFT_VERSION = 5.0;
				TARGETED_DEVICE_FAMILY = "1,2";
				TEST_HOST = "$(BUILT_PRODUCTS_DIR)/iBooruBar.app/$(BUNDLE_EXECUTABLE_FOLDER_PATH)/iBooruBar";
			};
			name = Debug;
		};
		C1C3991C3050A4170064F4A6 /* Release */ = {
			isa = XCBuildConfiguration;
			buildSettings = {
				BUNDLE_LOADER = "$(TEST_HOST)";
				CODE_SIGN_STYLE = Automatic;
				CURRENT_PROJECT_VERSION = 1;
				DEVELOPMENT_TEAM = 36FFHP37HT;
				GENERATE_INFOPLIST_FILE = YES;
				IPHONEOS_DEPLOYMENT_TARGET = 15.5;
				MARKETING_VERSION = 1.0;
				PRODUCT_BUNDLE_IDENTIFIER = ru.ibworkshop.iBooruBarTests;
				PRODUCT_NAME = "$(TARGET_NAME)";
				SDKROOT = iphoneos;
				SUPPORTED_PLATFORMS = "iphoneos iphonesimulator";
				SUPPORTS_MACCATALYST = YES;
				SUPPORTS_MAC_DESIGNED_FOR_IPHONE_IPAD = NO;
				SWIFT_EMIT_LOC_STRINGS = NO;
				SWIFT_VERSION = 5.0;
				TARGETED_DEVICE_FAMILY = "1,2";
				TEST_HOST = "$(BUILT_PRODUCTS_DIR)/iBooruBar.app/$(BUNDLE_EXECUTABLE_FOLDER_PATH)/iBooruBar";
				VALIDATE_PRODUCT = YES;
			};
			name = Release;
		};
		C1C3991D3050A4170064F4A6 /* Debug */ = {
			isa = XCBuildConfiguration;
			buildSettings = {
				CODE_SIGN_STYLE = Automatic;
				CURRENT_PROJECT_VERSION = 1;
				DEVELOPMENT_TEAM = 36FFHP37HT;
				GENERATE_INFOPLIST_FILE = YES;
				IPHONEOS_DEPLOYMENT_TARGET = 15.5;
				MARKETING_VERSION = 1.0;
				PRODUCT_BUNDLE_IDENTIFIER = ru.ibworkshop.iBooruBarUITests;
				PRODUCT_NAME = "$(TARGET_NAME)";
				SDKROOT = iphoneos;
				SUPPORTED_PLATFORMS = "iphoneos iphonesimulator";
				SUPPORTS_MACCATALYST = YES;
				SUPPORTS_MAC_DESIGNED_FOR_IPHONE_IPAD = NO;
				SWIFT_EMIT_LOC_STRINGS = NO;
				SWIFT_VERSION = 5.0;
				TARGETED_DEVICE_FAMILY = "1,2";
				TEST_TARGET_NAME = iBooruBar;
			};
			name = Debug;
		};
		C1C3991E3050A4170064F4A6 /* Release */ = {
			isa = XCBuildConfiguration;
			buildSettings = {
				CODE_SIGN_STYLE = Automatic;
				CURRENT_PROJECT_VERSION = 1;
				DEVELOPMENT_TEAM = 36FFHP37HT;
				GENERATE_INFOPLIST_FILE = YES;
				IPHONEOS_DEPLOYMENT_TARGET = 15.5;
				MARKETING_VERSION = 1.0;
				PRODUCT_BUNDLE_IDENTIFIER = ru.ibworkshop.iBooruBarUITests;
				PRODUCT_NAME = "$(TARGET_NAME)";
				SDKROOT = iphoneos;
				SUPPORTED_PLATFORMS = "iphoneos iphonesimulator";
				SUPPORTS_MACCATALYST = YES;
				SUPPORTS_MAC_DESIGNED_FOR_IPHONE_IPAD = NO;
				SWIFT_EMIT_LOC_STRINGS = NO;
				SWIFT_VERSION = 5.0;
				TARGETED_DEVICE_FAMILY = "1,2";
				TEST_TARGET_NAME = iBooruBar;
				VALIDATE_PRODUCT = YES;
			};
			name = Release;
		};
/* End XCBuildConfiguration section */

/* Begin XCConfigurationList section */
		C1A5196E2FE846F300635089 /* Build configuration list for PBXProject "BooruBar-Xcode14" */ = {
			isa = XCConfigurationList;
			buildConfigurations = (
				C1A519932FE846F800635089 /* Debug */,
				C1A519942FE846F800635089 /* Release */,
			);
			defaultConfigurationIsVisible = 0;
			defaultConfigurationName = Release;
		};
		C1A519952FE846F800635089 /* Build configuration list for PBXNativeTarget "BooruBar" */ = {
			isa = XCConfigurationList;
			buildConfigurations = (
				C1A519962FE846F800635089 /* Debug */,
				C1A519972FE846F800635089 /* Release */,
			);
			defaultConfigurationIsVisible = 0;
			defaultConfigurationName = Release;
		};
		C1A519982FE846F800635089 /* Build configuration list for PBXNativeTarget "BooruBarTests" */ = {
			isa = XCConfigurationList;
			buildConfigurations = (
				C1A519992FE846F800635089 /* Debug */,
				C1A5199A2FE846F800635089 /* Release */,
			);
			defaultConfigurationIsVisible = 0;
			defaultConfigurationName = Release;
		};
		C1A5199B2FE846F800635089 /* Build configuration list for PBXNativeTarget "BooruBarUITests" */ = {
			isa = XCConfigurationList;
			buildConfigurations = (
				C1A5199C2FE846F800635089 /* Debug */,
				C1A5199D2FE846F800635089 /* Release */,
			);
			defaultConfigurationIsVisible = 0;
			defaultConfigurationName = Release;
		};
		C1C3991F3050A4170064F4A6 /* Build configuration list for PBXNativeTarget "iBooruBar" */ = {
			isa = XCConfigurationList;
			buildConfigurations = (
				C1C399193050A4170064F4A6 /* Debug */,
				C1C3991A3050A4170064F4A6 /* Release */,
			);
			defaultConfigurationIsVisible = 0;
			defaultConfigurationName = Release;
		};
		C1C399203050A4170064F4A6 /* Build configuration list for PBXNativeTarget "iBooruBarTests" */ = {
			isa = XCConfigurationList;
			buildConfigurations = (
				C1C3991B3050A4170064F4A6 /* Debug */,
				C1C3991C3050A4170064F4A6 /* Release */,
			);
			defaultConfigurationIsVisible = 0;
			defaultConfigurationName = Release;
		};
		C1C399213050A4170064F4A6 /* Build configuration list for PBXNativeTarget "iBooruBarUITests" */ = {
			isa = XCConfigurationList;
			buildConfigurations = (
				C1C3991D3050A4170064F4A6 /* Debug */,
				C1C3991E3050A4170064F4A6 /* Release */,
			);
			defaultConfigurationIsVisible = 0;
			defaultConfigurationName = Release;
		};
/* End XCConfigurationList section */
	};
	rootObject = C1A5196B2FE846F300635089 /* Project object */;
}
